// !$*UTF8*$!
{
	archiveVersion = 1;
	classes = {
	};
	objectVersion = 77;
	objects = {

/* Begin PBXBuildFile section */
		78BE1AC52DF4DE12000C0396 /* FirebaseAuth in Frameworks */ = {isa = PBXBuildFile; productRef = 78BE1AC42DF4DE12000C0396 /* FirebaseAuth */; };
		78BE1AC72DF4DE12000C0396 /* FirebaseCore in Frameworks */ = {isa = PBXBuildFile; productRef = 78BE1AC62DF4DE12000C0396 /* FirebaseCore */; };
		78BE1AC92DF4DE12000C0396 /* FirebaseFirestore in Frameworks */ = {isa = PBXBuildFile; productRef = 78BE1AC82DF4DE12000C0396 /* FirebaseFirestore */; };
		D56E06EA2DEA8FC600225C0E /* EventViewController.swift in Sources */ = {isa = PBXBuildFile; fileRef = D56E06E92DEA8FC600225C0E /* EventViewController.swift */; };
		D5E356BF2DE6612B0060AAA0 /* ScheduledTextsAddTextViewController.swift in Sources */ = {isa = PBXBuildFile; fileRef = D5E356BE2DE6612B0060AAA0 /* ScheduledTextsAddTextViewController.swift */; };
/* End PBXBuildFile section */

/* Begin PBXContainerItemProxy section */
		D559C9EC2DE525B500C10C57 /* PBXContainerItemProxy */ = {
			isa = PBXContainerItemProxy;
			containerPortal = D559C9CD2DE525B200C10C57 /* Project object */;
			proxyType = 1;
			remoteGlobalIDString = D559C9D42DE525B200C10C57;
			remoteInfo = Roomie;
		};
		D559C9F62DE525B500C10C57 /* PBXContainerItemProxy */ = {
			isa = PBXContainerItemProxy;
			containerPortal = D559C9CD2DE525B200C10C57 /* Project object */;
			proxyType = 1;
			remoteGlobalIDString = D559C9D42DE525B200C10C57;
			remoteInfo = Roomie;
		};
/* End PBXContainerItemProxy section */

/* Begin PBXFileReference section */
		D559C9D52DE525B200C10C57 /* Roomie.app */ = {isa = PBXFileReference; explicitFileType = wrapper.application; includeInIndex = 0; path = Roomie.app; sourceTree = BUILT_PRODUCTS_DIR; };
		D559C9EB2DE525B500C10C57 /* RoomieTests.xctest */ = {isa = PBXFileReference; explicitFileType = wrapper.cfbundle; includeInIndex = 0; path = RoomieTests.xctest; sourceTree = BUILT_PRODUCTS_DIR; };
		D559C9F52DE525B500C10C57 /* RoomieUITests.xctest */ = {isa = PBXFileReference; explicitFileType = wrapper.cfbundle; includeInIndex = 0; path = RoomieUITests.xctest; sourceTree = BUILT_PRODUCTS_DIR; };
		D56E06E92DEA8FC600225C0E /* EventViewController.swift */ = {isa = PBXFileReference; lastKnownFileType = sourcecode.swift; path = EventViewController.swift; sourceTree = "<group>"; };
		D5E356BE2DE6612B0060AAA0 /* ScheduledTextsAddTextViewController.swift */ = {isa = PBXFileReference; lastKnownFileType = sourcecode.swift; path = ScheduledTextsAddTextViewController.swift; sourceTree = "<group>"; };
/* End PBXFileReference section */

/* Begin PBXFileSystemSynchronizedBuildFileExceptionSet section */
		78BE1A622DF226D6000C0396 /* Exceptions for "Roomie" folder in "RoomieTests" target */ = {
			isa = PBXFileSystemSynchronizedBuildFileExceptionSet;
			membershipExceptions = (
				"GoogleService-Info.plist",
			);
			target = D559C9EA2DE525B500C10C57 /* RoomieTests */;
		};
		78BE1A632DF226D6000C0396 /* Exceptions for "Roomie" folder in "RoomieUITests" target */ = {
			isa = PBXFileSystemSynchronizedBuildFileExceptionSet;
			membershipExceptions = (
				"GoogleService-Info.plist",
			);
			target = D559C9F42DE525B500C10C57 /* RoomieUITests */;
		};
		D559C9FD2DE525B500C10C57 /* Exceptions for "Roomie" folder in "Roomie" target */ = {
			isa = PBXFileSystemSynchronizedBuildFileExceptionSet;
			membershipExceptions = (
				Info.plist,
			);
			target = D559C9D42DE525B200C10C57 /* Roomie */;
		};
/* End PBXFileSystemSynchronizedBuildFileExceptionSet section */

/* Begin PBXFileSystemSynchronizedRootGroup section */
		D559C9D72DE525B200C10C57 /* Roomie */ = {
			isa = PBXFileSystemSynchronizedRootGroup;
			exceptions = (
				D559C9FD2DE525B500C10C57 /* Exceptions for "Roomie" folder in "Roomie" target */,
				78BE1A622DF226D6000C0396 /* Exceptions for "Roomie" folder in "RoomieTests" target */,
				78BE1A632DF226D6000C0396 /* Exceptions for "Roomie" folder in "RoomieUITests" target */,
			);
			path = Roomie;
			sourceTree = "<group>";
		};
		D559C9EE2DE525B500C10C57 /* RoomieTests */ = {
			isa = PBXFileSystemSynchronizedRootGroup;
			path = RoomieTests;
			sourceTree = "<group>";
		};
		D559C9F82DE525B500C10C57 /* RoomieUITests */ = {
			isa = PBXFileSystemSynchronizedRootGroup;
			path = RoomieUITests;
			sourceTree = "<group>";
		};
/* End PBXFileSystemSynchronizedRootGroup section */

/* Begin PBXFrameworksBuildPhase section */
		D559C9D22DE525B200C10C57 /* Frameworks */ = {
			isa = PBXFrameworksBuildPhase;
			buildActionMask = 2147483647;
			files = (
				78BE1AC72DF4DE12000C0396 /* FirebaseCore in Frameworks */,
				78BE1AC52DF4DE12000C0396 /* FirebaseAuth in Frameworks */,
				78BE1AC92DF4DE12000C0396 /* FirebaseFirestore in Frameworks */,
			);
			runOnlyForDeploymentPostprocessing = 0;
		};
		D559C9E82DE525B500C10C57 /* Frameworks */ = {
			isa = PBXFrameworksBuildPhase;
			buildActionMask = 2147483647;
			files = (
			);
			runOnlyForDeploymentPostprocessing = 0;
		};
		D559C9F22DE525B500C10C57 /* Frameworks */ = {
			isa = PBXFrameworksBuildPhase;
			buildActionMask = 2147483647;
			files = (
			);
			runOnlyForDeploymentPostprocessing = 0;
		};
/* End PBXFrameworksBuildPhase section */

/* Begin PBXGroup section */
		D559C9CC2DE525B200C10C57 = {
			isa = PBXGroup;
			children = (
				D56E06E92DEA8FC600225C0E /* EventViewController.swift */,
				D5E356BE2DE6612B0060AAA0 /* ScheduledTextsAddTextViewController.swift */,
				D559C9D72DE525B200C10C57 /* Roomie */,
				D559C9EE2DE525B500C10C57 /* RoomieTests */,
				D559C9F82DE525B500C10C57 /* RoomieUITests */,
				D559C9D62DE525B200C10C57 /* Products */,
			);
			sourceTree = "<group>";
		};
		D559C9D62DE525B200C10C57 /* Products */ = {
			isa = PBXGroup;
			children = (
				D559C9D52DE525B200C10C57 /* Roomie.app */,
				D559C9EB2DE525B500C10C57 /* RoomieTests.xctest */,
				D559C9F52DE525B500C10C57 /* RoomieUITests.xctest */,
			);
			name = Products;
			sourceTree = "<group>";
		};
/* End PBXGroup section */

/* Begin PBXNativeTarget section */
		D559C9D42DE525B200C10C57 /* Roomie */ = {
			isa = PBXNativeTarget;
			buildConfigurationList = D559C9FE2DE525B500C10C57 /* Build configuration list for PBXNativeTarget "Roomie" */;
			buildPhases = (
				D559C9D12DE525B200C10C57 /* Sources */,
				D559C9D22DE525B200C10C57 /* Frameworks */,
				D559C9D32DE525B200C10C57 /* Resources */,
			);
			buildRules = (
			);
			dependencies = (
			);
			fileSystemSynchronizedGroups = (
				D559C9D72DE525B200C10C57 /* Roomie */,
			);
			name = Roomie;
			packageProductDependencies = (
				78BE1AC42DF4DE12000C0396 /* FirebaseAuth */,
				78BE1AC62DF4DE12000C0396 /* FirebaseCore */,
				78BE1AC82DF4DE12000C0396 /* FirebaseFirestore */,
			);
			productName = Roomie;
			productReference = D559C9D52DE525B200C10C57 /* Roomie.app */;
			productType = "com.apple.product-type.application";
		};
		D559C9EA2DE525B500C10C57 /* RoomieTests */ = {
			isa = PBXNativeTarget;
			buildConfigurationList = D559CA032DE525B500C10C57 /* Build configuration list for PBXNativeTarget "RoomieTests" */;
			buildPhases = (
				D559C9E72DE525B500C10C57 /* Sources */,
				D559C9E82DE525B500C10C57 /* Frameworks */,
				D559C9E92DE525B500C10C57 /* Resources */,
			);
			buildRules = (
			);
			dependencies = (
				D559C9ED2DE525B500C10C57 /* PBXTargetDependency */,
			);
			fileSystemSynchronizedGroups = (
				D559C9EE2DE525B500C10C57 /* RoomieTests */,
			);
			name = RoomieTests;
			packageProductDependencies = (
			);
			productName = RoomieTests;
			productReference = D559C9EB2DE525B500C10C57 /* RoomieTests.xctest */;
			productType = "com.apple.product-type.bundle.unit-test";
		};
		D559C9F42DE525B500C10C57 /* RoomieUITests */ = {
			isa = PBXNativeTarget;
			buildConfigurationList = D559CA062DE525B500C10C57 /* Build configuration list for PBXNativeTarget "RoomieUITests" */;
			buildPhases = (
				D559C9F12DE525B500C10C57 /* Sources */,
				D559C9F22DE525B500C10C57 /* Frameworks */,
				D559C9F32DE525B500C10C57 /* Resources */,
			);
			buildRules = (
			);
			dependencies = (
				D559C9F72DE525B500C10C57 /* PBXTargetDependency */,
			);
			fileSystemSynchronizedGroups = (
				D559C9F82DE525B500C10C57 /* RoomieUITests */,
			);
			name = RoomieUITests;
			packageProductDependencies = (
			);
			productName = RoomieUITests;
			productReference = D559C9F52DE525B500C10C57 /* RoomieUITests.xctest */;
			productType = "com.apple.product-type.bundle.ui-testing";
		};
/* End PBXNativeTarget section */

/* Begin PBXProject section */
		D559C9CD2DE525B200C10C57 /* Project object */ = {
			isa = PBXProject;
			attributes = {
				BuildIndependentTargetsInParallel = 1;
				LastSwiftUpdateCheck = 1630;
				LastUpgradeCheck = 1630;
				TargetAttributes = {
					D559C9D42DE525B200C10C57 = {
						CreatedOnToolsVersion = 16.3;
					};
					D559C9EA2DE525B500C10C57 = {
						CreatedOnToolsVersion = 16.3;
						TestTargetID = D559C9D42DE525B200C10C57;
					};
					D559C9F42DE525B500C10C57 = {
						CreatedOnToolsVersion = 16.3;
						TestTargetID = D559C9D42DE525B200C10C57;
					};
				};
			};
			buildConfigurationList = D559C9D02DE525B200C10C57 /* Build configuration list for PBXProject "Roomie" */;
			developmentRegion = en;
			hasScannedForEncodings = 0;
			knownRegions = (
				en,
				Base,
			);
			mainGroup = D559C9CC2DE525B200C10C57;
			minimizedProjectReferenceProxies = 1;
			packageReferences = (
				78BE1AC32DF4DE12000C0396 /* XCRemoteSwiftPackageReference "firebase-ios-sdk" */,
			);
			preferredProjectObjectVersion = 77;
			productRefGroup = D559C9D62DE525B200C10C57 /* Products */;
			projectDirPath = "";
			projectRoot = "";
			targets = (
				D559C9D42DE525B200C10C57 /* Roomie */,
				D559C9EA2DE525B500C10C57 /* RoomieTests */,
				D559C9F42DE525B500C10C57 /* RoomieUITests */,
			);
		};
/* End PBXProject section */

/* Begin PBXResourcesBuildPhase section */
		D559C9D32DE525B200C10C57 /* Resources */ = {
			isa = PBXResourcesBuildPhase;
			buildActionMask = 2147483647;
			files = (
			);
			runOnlyForDeploymentPostprocessing = 0;
		};
		D559C9E92DE525B500C10C57 /* Resources */ = {
			isa = PBXResourcesBuildPhase;
			buildActionMask = 2147483647;
			files = (
			);
			runOnlyForDeploymentPostprocessing = 0;
		};
		D559C9F32DE525B500C10C57 /* Resources */ = {
			isa = PBXResourcesBuildPhase;
			buildActionMask = 2147483647;
			files = (
			);
			runOnlyForDeploymentPostprocessing = 0;
		};
/* End PBXResourcesBuildPhase section */

/* Begin PBXSourcesBuildPhase section */
		D559C9D12DE525B200C10C57 /* Sources */ = {
			isa = PBXSourcesBuildPhase;
			buildActionMask = 2147483647;
			files = (
				D5E356BF2DE6612B0060AAA0 /* ScheduledTextsAddTextViewController.swift in Sources */,
				D56E06EA2DEA8FC600225C0E /* EventViewController.swift in Sources */,
			);
			runOnlyForDeploymentPostprocessing = 0;
		};
		D559C9E72DE525B500C10C57 /* Sources */ = {
			isa = PBXSourcesBuildPhase;
			buildActionMask = 2147483647;
			files = (
			);
			runOnlyForDeploymentPostprocessing = 0;
		};
		D559C9F12DE525B500C10C57 /* Sources */ = {
			isa = PBXSourcesBuildPhase;
			buildActionMask = 2147483647;
			files = (
			);
			runOnlyForDeploymentPostprocessing = 0;
		};
/* End PBXSourcesBuildPhase section */

/* Begin PBXTargetDependency section */
		D559C9ED2DE525B500C10C57 /* PBXTargetDependency */ = {
			isa = PBXTargetDependency;
			target = D559C9D42DE525B200C10C57 /* Roomie */;
			targetProxy = D559C9EC2DE525B500C10C57 /* PBXContainerItemProxy */;
		};
		D559C9F72DE525B500C10C57 /* PBXTargetDependency */ = {
			isa = PBXTargetDependency;
			target = D559C9D42DE525B200C10C57 /* Roomie */;
			targetProxy = D559C9F62DE525B500C10C57 /* PBXContainerItemProxy */;
		};
/* End PBXTargetDependency section */

/* Begin XCBuildConfiguration section */
		D559C9FF2DE525B500C10C57 /* Debug */ = {
			isa = XCBuildConfiguration;
			buildSettings = {
				ASSETCATALOG_COMPILER_APPICON_NAME = AppIcon;
				ASSETCATALOG_COMPILER_GLOBAL_ACCENT_COLOR_NAME = AccentColor;
				CODE_SIGN_STYLE = Automatic;
				CURRENT_PROJECT_VERSION = 1;
				DEVELOPMENT_TEAM = 87FZ4MRH6V;
				GENERATE_INFOPLIST_FILE = YES;
				INFOPLIST_FILE = Roomie/Info.plist;
				INFOPLIST_KEY_UIApplicationSupportsIndirectInputEvents = YES;
				INFOPLIST_KEY_UILaunchStoryboardName = LaunchScreen;
				INFOPLIST_KEY_UIMainStoryboardFile = Main;
				INFOPLIST_KEY_UISupportedInterfaceOrientations_iPad = "UIInterfaceOrientationPortrait UIInterfaceOrientationPortraitUpsideDown UIInterfaceOrientationLandscapeLeft UIInterfaceOrientationLandscapeRight";
				INFOPLIST_KEY_UISupportedInterfaceOrientations_iPhone = "UIInterfaceOrientationPortrait UIInterfaceOrientationLandscapeLeft UIInterfaceOrientationLandscapeRight";
				IPHONEOS_DEPLOYMENT_TARGET = 18.0;
				LD_RUNPATH_SEARCH_PATHS = (
					"$(inherited)",
					"@executable_path/Frameworks",
				);
				MARKETING_VERSION = 1.0;
				"OTHER_LDFLAGS[arch=*]" = "-ObjC";
				PRODUCT_BUNDLE_IDENTIFIER = edu.uw.ischool.kbrods.Roomie;
				PRODUCT_NAME = "$(TARGET_NAME)";
				SWIFT_EMIT_LOC_STRINGS = YES;
				SWIFT_VERSION = 5.0;
				TARGETED_DEVICE_FAMILY = "1,2";
			};
			name = Debug;
		};
		D559CA002DE525B500C10C57 /* Release */ = {
			isa = XCBuildConfiguration;
			buildSettings = {
				ASSETCATALOG_COMPILER_APPICON_NAME = AppIcon;
				ASSETCATALOG_COMPILER_GLOBAL_ACCENT_COLOR_NAME = AccentColor;
				CODE_SIGN_STYLE = Automatic;
				CURRENT_PROJECT_VERSION = 1;
				DEVELOPMENT_TEAM = 87FZ4MRH6V;
				GENERATE_INFOPLIST_FILE = YES;
				INFOPLIST_FILE = Roomie/Info.plist;
				INFOPLIST_KEY_UIApplicationSupportsIndirectInputEvents = YES;
				INFOPLIST_KEY_UILaunchStoryboardName = LaunchScreen;
				INFOPLIST_KEY_UIMainStoryboardFile = Main;
				INFOPLIST_KEY_UISupportedInterfaceOrientations_iPad = "UIInterfaceOrientationPortrait UIInterfaceOrientationPortraitUpsideDown UIInterfaceOrientationLandscapeLeft UIInterfaceOrientationLandscapeRight";
				INFOPLIST_KEY_UISupportedInterfaceOrientations_iPhone = "UIInterfaceOrientationPortrait UIInterfaceOrientationLandscapeLeft UIInterfaceOrientationLandscapeRight";
				IPHONEOS_DEPLOYMENT_TARGET = 18.0;
				LD_RUNPATH_SEARCH_PATHS = (
					"$(inherited)",
					"@executable_path/Frameworks",
				);
				MARKETING_VERSION = 1.0;
				"OTHER_LDFLAGS[arch=*]" = "-ObjC";
				PRODUCT_BUNDLE_IDENTIFIER = edu.uw.ischool.kbrods.Roomie;
				PRODUCT_NAME = "$(TARGET_NAME)";
				SWIFT_EMIT_LOC_STRINGS = YES;
				SWIFT_VERSION = 5.0;
				TARGETED_DEVICE_FAMILY = "1,2";
			};
			name = Release;
		};
		D559CA012DE525B500C10C57 /* Debug */ = {
			isa = XCBuildConfiguration;
			buildSettings = {
				ALWAYS_SEARCH_USER_PATHS = NO;
				ASSETCATALOG_COMPILER_GENERATE_SWIFT_ASSET_SYMBOL_EXTENSIONS = YES;
				CLANG_ANALYZER_NONNULL = YES;
				CLANG_ANALYZER_NUMBER_OBJECT_CONVERSION = YES_AGGRESSIVE;
				CLANG_CXX_LANGUAGE_STANDARD = "gnu++20";
				CLANG_ENABLE_MODULES = YES;
				CLANG_ENABLE_OBJC_ARC = YES;
				CLANG_ENABLE_OBJC_WEAK = YES;
				CLANG_WARN_BLOCK_CAPTURE_AUTORELEASING = YES;
				CLANG_WARN_BOOL_CONVERSION = YES;
				CLANG_WARN_COMMA = YES;
				CLANG_WARN_CONSTANT_CONVERSION = YES;
				CLANG_WARN_DEPRECATED_OBJC_IMPLEMENTATIONS = YES;
				CLANG_WARN_DIRECT_OBJC_ISA_USAGE = YES_ERROR;
				CLANG_WARN_DOCUMENTATION_COMMENTS = YES;
				CLANG_WARN_EMPTY_BODY = YES;
				CLANG_WARN_ENUM_CONVERSION = YES;
				CLANG_WARN_INFINITE_RECURSION = YES;
				CLANG_WARN_INT_CONVERSION = YES;
				CLANG_WARN_NON_LITERAL_NULL_CONVERSION = YES;
				CLANG_WARN_OBJC_IMPLICIT_RETAIN_SELF = YES;
				CLANG_WARN_OBJC_LITERAL_CONVERSION = YES;
				CLANG_WARN_OBJC_ROOT_CLASS = YES_ERROR;
				CLANG_WARN_QUOTED_INCLUDE_IN_FRAMEWORK_HEADER = YES;
				CLANG_WARN_RANGE_LOOP_ANALYSIS = YES;
				CLANG_WARN_STRICT_PROTOTYPES = YES;
				CLANG_WARN_SUSPICIOUS_MOVE = YES;
				CLANG_WARN_UNGUARDED_AVAILABILITY = YES_AGGRESSIVE;
				CLANG_WARN_UNREACHABLE_CODE = YES;
				CLANG_WARN__DUPLICATE_METHOD_MATCH = YES;
				COPY_PHASE_STRIP = NO;
				DEBUG_INFORMATION_FORMAT = dwarf;
				ENABLE_STRICT_OBJC_MSGSEND = YES;
				ENABLE_TESTABILITY = YES;
				ENABLE_USER_SCRIPT_SANDBOXING = YES;
				GCC_C_LANGUAGE_STANDARD = gnu17;
				GCC_DYNAMIC_NO_PIC = NO;
				GCC_NO_COMMON_BLOCKS = YES;
				GCC_OPTIMIZATION_LEVEL = 0;
				GCC_PREPROCESSOR_DEFINITIONS = (
					"DEBUG=1",
					"$(inherited)",
				);
				GCC_WARN_64_TO_32_BIT_CONVERSION = YES;
				GCC_WARN_ABOUT_RETURN_TYPE = YES_ERROR;
				GCC_WARN_UNDECLARED_SELECTOR = YES;
				GCC_WARN_UNINITIALIZED_AUTOS = YES_AGGRESSIVE;
				GCC_WARN_UNUSED_FUNCTION = YES;
				GCC_WARN_UNUSED_VARIABLE = YES;
				IPHONEOS_DEPLOYMENT_TARGET = 18.4;
				LOCALIZATION_PREFERS_STRING_CATALOGS = YES;
				MTL_ENABLE_DEBUG_INFO = INCLUDE_SOURCE;
				MTL_FAST_MATH = YES;
				ONLY_ACTIVE_ARCH = YES;
				SDKROOT = iphoneos;
				SWIFT_ACTIVE_COMPILATION_CONDITIONS = "DEBUG $(inherited)";
				SWIFT_OPTIMIZATION_LEVEL = "-Onone";
			};
			name = Debug;
		};
		D559CA022DE525B500C10C57 /* Release */ = {
			isa = XCBuildConfiguration;
			buildSettings = {
				ALWAYS_SEARCH_USER_PATHS = NO;
				ASSETCATALOG_COMPILER_GENERATE_SWIFT_ASSET_SYMBOL_EXTENSIONS = YES;
				CLANG_ANALYZER_NONNULL = YES;
				CLANG_ANALYZER_NUMBER_OBJECT_CONVERSION = YES_AGGRESSIVE;
				CLANG_CXX_LANGUAGE_STANDARD = "gnu++20";
				CLANG_ENABLE_MODULES = YES;
				CLANG_ENABLE_OBJC_ARC = YES;
				CLANG_ENABLE_OBJC_WEAK = YES;
				CLANG_WARN_BLOCK_CAPTURE_AUTORELEASING = YES;
				CLANG_WARN_BOOL_CONVERSION = YES;
				CLANG_WARN_COMMA = YES;
				CLANG_WARN_CONSTANT_CONVERSION = YES;
				CLANG_WARN_DEPRECATED_OBJC_IMPLEMENTATIONS = YES;
				CLANG_WARN_DIRECT_OBJC_ISA_USAGE = YES_ERROR;
				CLANG_WARN_DOCUMENTATION_COMMENTS = YES;
				CLANG_WARN_EMPTY_BODY = YES;
				CLANG_WARN_ENUM_CONVERSION = YES;
				CLANG_WARN_INFINITE_RECURSION = YES;
				CLANG_WARN_INT_CONVERSION = YES;
				CLANG_WARN_NON_LITERAL_NULL_CONVERSION = YES;
				CLANG_WARN_OBJC_IMPLICIT_RETAIN_SELF = YES;
				CLANG_WARN_OBJC_LITERAL_CONVERSION = YES;
				CLANG_WARN_OBJC_ROOT_CLASS = YES_ERROR;
				CLANG_WARN_QUOTED_INCLUDE_IN_FRAMEWORK_HEADER = YES;
				CLANG_WARN_RANGE_LOOP_ANALYSIS = YES;
				CLANG_WARN_STRICT_PROTOTYPES = YES;
				CLANG_WARN_SUSPICIOUS_MOVE = YES;
				CLANG_WARN_UNGUARDED_AVAILABILITY = YES_AGGRESSIVE;
				CLANG_WARN_UNREACHABLE_CODE = YES;
				CLANG_WARN__DUPLICATE_METHOD_MATCH = YES;
				COPY_PHASE_STRIP = NO;
				DEBUG_INFORMATION_FORMAT = "dwarf-with-dsym";
				ENABLE_NS_ASSERTIONS = NO;
				ENABLE_STRICT_OBJC_MSGSEND = YES;
				ENABLE_USER_SCRIPT_SANDBOXING = YES;
				GCC_C_LANGUAGE_STANDARD = gnu17;
				GCC_NO_COMMON_BLOCKS = YES;
				GCC_WARN_64_TO_32_BIT_CONVERSION = YES;
				GCC_WARN_ABOUT_RETURN_TYPE = YES_ERROR;
				GCC_WARN_UNDECLARED_SELECTOR = YES;
				GCC_WARN_UNINITIALIZED_AUTOS = YES_AGGRESSIVE;
				GCC_WARN_UNUSED_FUNCTION = YES;
				GCC_WARN_UNUSED_VARIABLE = YES;
				IPHONEOS_DEPLOYMENT_TARGET = 18.4;
				LOCALIZATION_PREFERS_STRING_CATALOGS = YES;
				MTL_ENABLE_DEBUG_INFO = NO;
				MTL_FAST_MATH = YES;
				SDKROOT = iphoneos;
				SWIFT_COMPILATION_MODE = wholemodule;
				VALIDATE_PRODUCT = YES;
			};
			name = Release;
		};
		D559CA042DE525B500C10C57 /* Debug */ = {
			isa = XCBuildConfiguration;
			buildSettings = {
				BUNDLE_LOADER = "$(TEST_HOST)";
				CODE_SIGN_STYLE = Automatic;
				CURRENT_PROJECT_VERSION = 1;
				GENERATE_INFOPLIST_FILE = YES;
				IPHONEOS_DEPLOYMENT_TARGET = 18.0;
				MARKETING_VERSION = 1.0;
				PRODUCT_BUNDLE_IDENTIFIER = edu.uw.ischool.kbrods.RoomieTests;
				PRODUCT_NAME = "$(TARGET_NAME)";
				SWIFT_EMIT_LOC_STRINGS = NO;
				SWIFT_VERSION = 5.0;
				TARGETED_DEVICE_FAMILY = "1,2";
				TEST_HOST = "$(BUILT_PRODUCTS_DIR)/Roomie.app/$(BUNDLE_EXECUTABLE_FOLDER_PATH)/Roomie";
			};
			name = Debug;
		};
		D559CA052DE525B500C10C57 /* Release */ = {
			isa = XCBuildConfiguration;
			buildSettings = {
				BUNDLE_LOADER = "$(TEST_HOST)";
				CODE_SIGN_STYLE = Automatic;
				CURRENT_PROJECT_VERSION = 1;
				GENERATE_INFOPLIST_FILE = YES;
				IPHONEOS_DEPLOYMENT_TARGET = 18.0;
				MARKETING_VERSION = 1.0;
				PRODUCT_BUNDLE_IDENTIFIER = edu.uw.ischool.kbrods.RoomieTests;
				PRODUCT_NAME = "$(TARGET_NAME)";
				SWIFT_EMIT_LOC_STRINGS = NO;
				SWIFT_VERSION = 5.0;
				TARGETED_DEVICE_FAMILY = "1,2";
				TEST_HOST = "$(BUILT_PRODUCTS_DIR)/Roomie.app/$(BUNDLE_EXECUTABLE_FOLDER_PATH)/Roomie";
			};
			name = Release;
		};
		D559CA072DE525B500C10C57 /* Debug */ = {
			isa = XCBuildConfiguration;
			buildSettings = {
				CODE_SIGN_STYLE = Automatic;
				CURRENT_PROJECT_VERSION = 1;
				GENERATE_INFOPLIST_FILE = YES;
				IPHONEOS_DEPLOYMENT_TARGET = 18.0;
				MARKETING_VERSION = 1.0;
				PRODUCT_BUNDLE_IDENTIFIER = edu.uw.ischool.kbrods.RoomieUITests;
				PRODUCT_NAME = "$(TARGET_NAME)";
				SWIFT_EMIT_LOC_STRINGS = NO;
				SWIFT_VERSION = 5.0;
				TARGETED_DEVICE_FAMILY = "1,2";
				TEST_TARGET_NAME = Roomie;
			};
			name = Debug;
		};
		D559CA082DE525B500C10C57 /* Release */ = {
			isa = XCBuildConfiguration;
			buildSettings = {
				CODE_SIGN_STYLE = Automatic;
				CURRENT_PROJECT_VERSION = 1;
				GENERATE_INFOPLIST_FILE = YES;
				IPHONEOS_DEPLOYMENT_TARGET = 18.0;
				MARKETING_VERSION = 1.0;
				PRODUCT_BUNDLE_IDENTIFIER = edu.uw.ischool.kbrods.RoomieUITests;
				PRODUCT_NAME = "$(TARGET_NAME)";
				SWIFT_EMIT_LOC_STRINGS = NO;
				SWIFT_VERSION = 5.0;
				TARGETED_DEVICE_FAMILY = "1,2";
				TEST_TARGET_NAME = Roomie;
			};
			name = Release;
		};
/* End XCBuildConfiguration section */

/* Begin XCConfigurationList section */
		D559C9D02DE525B200C10C57 /* Build configuration list for PBXProject "Roomie" */ = {
			isa = XCConfigurationList;
			buildConfigurations = (
				D559CA012DE525B500C10C57 /* Debug */,
				D559CA022DE525B500C10C57 /* Release */,
			);
			defaultConfigurationIsVisible = 0;
			defaultConfigurationName = Release;
		};
		D559C9FE2DE525B500C10C57 /* Build configuration list for PBXNativeTarget "Roomie" */ = {
			isa = XCConfigurationList;
			buildConfigurations = (
				D559C9FF2DE525B500C10C57 /* Debug */,
				D559CA002DE525B500C10C57 /* Release */,
			);
			defaultConfigurationIsVisible = 0;
			defaultConfigurationName = Release;
		};
		D559CA032DE525B500C10C57 /* Build configuration list for PBXNativeTarget "RoomieTests" */ = {
			isa = XCConfigurationList;
			buildConfigurations = (
				D559CA042DE525B500C10C57 /* Debug */,
				D559CA052DE525B500C10C57 /* Release */,
			);
			defaultConfigurationIsVisible = 0;
			defaultConfigurationName = Release;
		};
		D559CA062DE525B500C10C57 /* Build configuration list for PBXNativeTarget "RoomieUITests" */ = {
			isa = XCConfigurationList;
			buildConfigurations = (
				D559CA072DE525B500C10C57 /* Debug */,
				D559CA082DE525B500C10C57 /* Release */,
			);
			defaultConfigurationIsVisible = 0;
			defaultConfigurationName = Release;
		};
/* End XCConfigurationList section */

/* Begin XCRemoteSwiftPackageReference section */
		78BE1AC32DF4DE12000C0396 /* XCRemoteSwiftPackageReference "firebase-ios-sdk" */ = {
			isa = XCRemoteSwiftPackageReference;
			repositoryURL = "https://github.com/firebase/firebase-ios-sdk.git";
			requirement = {
				kind = upToNextMajorVersion;
				minimumVersion = 11.14.0;
			};
		};
/* End XCRemoteSwiftPackageReference section */

/* Begin XCSwiftPackageProductDependency section */
		78BE1AC42DF4DE12000C0396 /* FirebaseAuth */ = {
			isa = XCSwiftPackageProductDependency;
			package = 78BE1AC32DF4DE12000C0396 /* XCRemoteSwiftPackageReference "firebase-ios-sdk" */;
			productName = FirebaseAuth;
		};
		78BE1AC62DF4DE12000C0396 /* FirebaseCore */ = {
			isa = XCSwiftPackageProductDependency;
			package = 78BE1AC32DF4DE12000C0396 /* XCRemoteSwiftPackageReference "firebase-ios-sdk" */;
			productName = FirebaseCore;
		};
		78BE1AC82DF4DE12000C0396 /* FirebaseFirestore */ = {
			isa = XCSwiftPackageProductDependency;
			package = 78BE1AC32DF4DE12000C0396 /* XCRemoteSwiftPackageReference "firebase-ios-sdk" */;
			productName = FirebaseFirestore;
		};
/* End XCSwiftPackageProductDependency section */
	};
	rootObject = D559C9CD2DE525B200C10C57 /* Project object */;
}
